
Microsoft Visual Studio Solution File, Format Version 12.00
# Visual Studio Version 16
VisualStudioVersion = 16.0.29926.136
MinimumVisualStudioVersion = 10.0.40219.1
Project("{FAE04EC0-301F-11D3-BF4B-00C04F79EFBC}") = "circle-tracker", "circle-tracker.csproj", "{2DDB1914-1FA7-4DB9-B123-E4241FFF68E4}"
EndProject
Global
	GlobalSection(SolutionConfigurationPlatforms) = preSolution
		Debug|Any CPU = Debug|Any CPU
		Release|Any CPU = Release|Any CPU
	EndGlobalSection
	GlobalSection(ProjectConfigurationPlatforms) = postSolution
		{2DDB1914-1FA7-4DB9-B123-E4241FFF68E4}.Debug|Any CPU.ActiveCfg = Debug|Any CPU
		{2DDB1914-1FA7-4DB9-B123-E4241FFF68E4}.Debug|Any CPU.Build.0 = Debug|Any CPU
		{2DDB1914-1FA7-4DB9-B123-E4241FFF68E4}.Release|Any CPU.ActiveCfg = Release|Any CPU
		{2DDB1914-1FA7-4DB9-B123-E4241FFF68E4}.Release|Any CPU.Build.0 = Release|Any CPU
	EndGlobalSection
	GlobalSection(SolutionProperties) = preSolution
		HideSolutionNode = FALSE
	EndGlobalSection
	GlobalSection(ExtensibilityGlobals) = postSolution
		SolutionGuid = {1DDFA79B-74F9-47B3-BD59-4B7657AF2ADD}
	EndGlobalSection
EndGlobal
