
Microsoft Visual Studio Solution File, Format Version 12.00
# Visual Studio Version 16
VisualStudioVersion = 16.0.29926.136
MinimumVisualStudioVersion = 10.0.40219.1
Project("{FAE04EC0-301F-11D3-BF4B-00C04F79EFBC}") = "Circle Tracker", "Circle Tracker.csproj", "{C72CE5E3-DD71-4F5E-942D-F3FEB97DBDC8}"
EndProject
Project("{9A19103F-16F7-4668-BE54-9A1E7A4F7556}") = "OsuMemoryDataProvider", "submodules\ProcessMemoryDataFinder\OsuMemoryDataProvider\OsuMemoryDataProvider.csproj", "{D1A4E0A7-ADDE-4746-B754-0474919E6FE7}"
EndProject
Project("{9A19103F-16F7-4668-BE54-9A1E7A4F7556}") = "ProcessMemoryDataFinder", "submodules\ProcessMemoryDataFinder\ProcessMemoryDataFinder\ProcessMemoryDataFinder.csproj", "{91DEFEFF-EFAC-49DD-BB98-15F762683847}"
EndProject
Project("{9A19103F-16F7-4668-BE54-9A1E7A4F7556}") = "osu.Game", "submodules\osu\osu.Game\osu.Game.csproj", "{4BCD42F9-69E4-4AF9-8029-4DEC0B81BA01}"
EndProject
Global
	GlobalSection(SolutionConfigurationPlatforms) = preSolution
		Debug|Any CPU = Debug|Any CPU
		Release|Any CPU = Release|Any CPU
	EndGlobalSection
	GlobalSection(ProjectConfigurationPlatforms) = postSolution
		{C72CE5E3-DD71-4F5E-942D-F3FEB97DBDC8}.Debug|Any CPU.ActiveCfg = Debug|Any CPU
		{C72CE5E3-DD71-4F5E-942D-F3FEB97DBDC8}.Debug|Any CPU.Build.0 = Debug|Any CPU
		{C72CE5E3-DD71-4F5E-942D-F3FEB97DBDC8}.Release|Any CPU.ActiveCfg = Release|Any CPU
		{C72CE5E3-DD71-4F5E-942D-F3FEB97DBDC8}.Release|Any CPU.Build.0 = Release|Any CPU
		{D1A4E0A7-ADDE-4746-B754-0474919E6FE7}.Debug|Any CPU.ActiveCfg = Debug|Any CPU
		{D1A4E0A7-ADDE-4746-B754-0474919E6FE7}.Debug|Any CPU.Build.0 = Debug|Any CPU
		{D1A4E0A7-ADDE-4746-B754-0474919E6FE7}.Release|Any CPU.ActiveCfg = Release|Any CPU
		{D1A4E0A7-ADDE-4746-B754-0474919E6FE7}.Release|Any CPU.Build.0 = Release|Any CPU
		{91DEFEFF-EFAC-49DD-BB98-15F762683847}.Debug|Any CPU.ActiveCfg = Debug|Any CPU
		{91DEFEFF-EFAC-49DD-BB98-15F762683847}.Debug|Any CPU.Build.0 = Debug|Any CPU
		{91DEFEFF-EFAC-49DD-BB98-15F762683847}.Release|Any CPU.ActiveCfg = Release|Any CPU
		{91DEFEFF-EFAC-49DD-BB98-15F762683847}.Release|Any CPU.Build.0 = Release|Any CPU
		{4BCD42F9-69E4-4AF9-8029-4DEC0B81BA01}.Debug|Any CPU.ActiveCfg = Debug|Any CPU
		{4BCD42F9-69E4-4AF9-8029-4DEC0B81BA01}.Debug|Any CPU.Build.0 = Debug|Any CPU
		{4BCD42F9-69E4-4AF9-8029-4DEC0B81BA01}.Release|Any CPU.ActiveCfg = Release|Any CPU
		{4BCD42F9-69E4-4AF9-8029-4DEC0B81BA01}.Release|Any CPU.Build.0 = Release|Any CPU
	EndGlobalSection
	GlobalSection(SolutionProperties) = preSolution
		HideSolutionNode = FALSE
	EndGlobalSection
	GlobalSection(ExtensibilityGlobals) = postSolution
		SolutionGuid = {C4EE0FD3-8AD9-4BE3-B92D-11C1C4BB196E}
	EndGlobalSection
EndGlobal
