
Microsoft Visual Studio Solution File, Format Version 12.00
# Visual Studio Version 16
VisualStudioVersion = 16.0.29926.136
MinimumVisualStudioVersion = 10.0.40219.1
Project("{FAE04EC0-301F-11D3-BF4B-00C04F79EFBC}") = "circle-tracker", "circle-tracker.csproj", "{2DDB1914-1FA7-4DB9-B123-E4241FFF68E4}"
	ProjectSection(ProjectDependencies) = postProject
		{D117800F-072D-4AE4-9679-3E2A129A1A3C} = {D117800F-072D-4AE4-9679-3E2A129A1A3C}
		{9960D641-300A-432C-AA04-C351A99B9ADB} = {9960D641-300A-432C-AA04-C351A99B9ADB}
	EndProjectSection
EndProject
Project("{FAE04EC0-301F-11D3-BF4B-00C04F79EFBC}") = "OsuMemoryDataProvider", "submodules\ProcessMemoryDataFinder\OsuMemoryDataProvider\OsuMemoryDataProvider.csproj", "{D117800F-072D-4AE4-9679-3E2A129A1A3C}"
EndProject
Project("{FAE04EC0-301F-11D3-BF4B-00C04F79EFBC}") = "ProcessMemoryDataFinder", "submodules\ProcessMemoryDataFinder\ProcessMemoryDataFinder\ProcessMemoryDataFinder.csproj", "{9960D641-300A-432C-AA04-C351A99B9ADB}"
EndProject
Global
	GlobalSection(SolutionConfigurationPlatforms) = preSolution
		Debug|Any CPU = Debug|Any CPU
		Debug|x64 = Debug|x64
		Debug|x86 = Debug|x86
		Release|Any CPU = Release|Any CPU
		Release|x64 = Release|x64
		Release|x86 = Release|x86
	EndGlobalSection
	GlobalSection(ProjectConfigurationPlatforms) = postSolution
		{2DDB1914-1FA7-4DB9-B123-E4241FFF68E4}.Debug|Any CPU.ActiveCfg = Debug|Any CPU
		{2DDB1914-1FA7-4DB9-B123-E4241FFF68E4}.Debug|Any CPU.Build.0 = Debug|Any CPU
		{2DDB1914-1FA7-4DB9-B123-E4241FFF68E4}.Debug|x64.ActiveCfg = Debug|Any CPU
		{2DDB1914-1FA7-4DB9-B123-E4241FFF68E4}.Debug|x64.Build.0 = Debug|Any CPU
		{2DDB1914-1FA7-4DB9-B123-E4241FFF68E4}.Debug|x86.ActiveCfg = Debug|Any CPU
		{2DDB1914-1FA7-4DB9-B123-E4241FFF68E4}.Debug|x86.Build.0 = Debug|Any CPU
		{2DDB1914-1FA7-4DB9-B123-E4241FFF68E4}.Release|Any CPU.ActiveCfg = Debug|Any CPU
		{2DDB1914-1FA7-4DB9-B123-E4241FFF68E4}.Release|Any CPU.Build.0 = Debug|Any CPU
		{2DDB1914-1FA7-4DB9-B123-E4241FFF68E4}.Release|x64.ActiveCfg = Release|Any CPU
		{2DDB1914-1FA7-4DB9-B123-E4241FFF68E4}.Release|x64.Build.0 = Release|Any CPU
		{2DDB1914-1FA7-4DB9-B123-E4241FFF68E4}.Release|x86.ActiveCfg = Release|Any CPU
		{2DDB1914-1FA7-4DB9-B123-E4241FFF68E4}.Release|x86.Build.0 = Release|Any CPU
		{D117800F-072D-4AE4-9679-3E2A129A1A3C}.Debug|Any CPU.ActiveCfg = Debug|x64
		{D117800F-072D-4AE4-9679-3E2A129A1A3C}.Debug|Any CPU.Build.0 = Debug|x64
		{D117800F-072D-4AE4-9679-3E2A129A1A3C}.Debug|x64.ActiveCfg = Debug|x64
		{D117800F-072D-4AE4-9679-3E2A129A1A3C}.Debug|x64.Build.0 = Debug|x64
		{D117800F-072D-4AE4-9679-3E2A129A1A3C}.Debug|x86.ActiveCfg = Debug|x86
		{D117800F-072D-4AE4-9679-3E2A129A1A3C}.Debug|x86.Build.0 = Debug|x86
		{D117800F-072D-4AE4-9679-3E2A129A1A3C}.Release|Any CPU.ActiveCfg = Debug|x64
		{D117800F-072D-4AE4-9679-3E2A129A1A3C}.Release|Any CPU.Build.0 = Debug|x64
		{D117800F-072D-4AE4-9679-3E2A129A1A3C}.Release|x64.ActiveCfg = Release|x64
		{D117800F-072D-4AE4-9679-3E2A129A1A3C}.Release|x64.Build.0 = Release|x64
		{D117800F-072D-4AE4-9679-3E2A129A1A3C}.Release|x86.ActiveCfg = Release|x86
		{D117800F-072D-4AE4-9679-3E2A129A1A3C}.Release|x86.Build.0 = Release|x86
		{9960D641-300A-432C-AA04-C351A99B9ADB}.Debug|Any CPU.ActiveCfg = Debug|x64
		{9960D641-300A-432C-AA04-C351A99B9ADB}.Debug|Any CPU.Build.0 = Debug|x64
		{9960D641-300A-432C-AA04-C351A99B9ADB}.Debug|x64.ActiveCfg = Debug|x64
		{9960D641-300A-432C-AA04-C351A99B9ADB}.Debug|x64.Build.0 = Debug|x64
		{9960D641-300A-432C-AA04-C351A99B9ADB}.Debug|x86.ActiveCfg = Debug|x86
		{9960D641-300A-432C-AA04-C351A99B9ADB}.Debug|x86.Build.0 = Debug|x86
		{9960D641-300A-432C-AA04-C351A99B9ADB}.Release|Any CPU.ActiveCfg = Debug|x64
		{9960D641-300A-432C-AA04-C351A99B9ADB}.Release|Any CPU.Build.0 = Debug|x64
		{9960D641-300A-432C-AA04-C351A99B9ADB}.Release|x64.ActiveCfg = Release|x64
		{9960D641-300A-432C-AA04-C351A99B9ADB}.Release|x64.Build.0 = Release|x64
		{9960D641-300A-432C-AA04-C351A99B9ADB}.Release|x86.ActiveCfg = Release|x86
		{9960D641-300A-432C-AA04-C351A99B9ADB}.Release|x86.Build.0 = Release|x86
	EndGlobalSection
	GlobalSection(SolutionProperties) = preSolution
		HideSolutionNode = FALSE
	EndGlobalSection
	GlobalSection(ExtensibilityGlobals) = postSolution
		SolutionGuid = {1DDFA79B-74F9-47B3-BD59-4B7657AF2ADD}
	EndGlobalSection
EndGlobal
